{
  "nodes": {
    "call-flake": {
      "locked": {
        "lastModified": 1698542398,
        "narHash": "sha256-bmhE1TmrJG4ba93l9WQTLuYM53kwGQAjYHRvHOeuxWU=",
        "owner": "divnix",
        "repo": "call-flake",
        "rev": "4c92816c2ba27a91f8252a9305a14173e1293571",
        "type": "github"
      },
      "original": {
        "owner": "divnix",
        "repo": "call-flake",
        "type": "github"
      }
    },
    "nixpkgs": {
      "locked": {
        "lastModified": 1698553279,
        "narHash": "sha256-T/9P8yBSLcqo/v+FTOBK+0rjzjPMctVymZydbvR/Fak=",
        "owner": "NixOS",
        "repo": "nixpkgs",
        "rev": "90e85bc7c1a6fc0760a94ace129d3a1c61c3d035",
        "type": "github"
      },
      "original": {
        "owner": "NixOS",
        "ref": "nixpkgs-unstable",
        "repo": "nixpkgs",
        "type": "github"
      }
    },
    "root": {
      "inputs": {
        "call-flake": "call-flake",
        "nixpkgs": "nixpkgs"
      }
    }
  },
  "root": "root",
  "version": 7
}
