{
  "nodes": {
    "blank": {
      "locked": {
        "lastModified": 1625557891,
        "narHash": "sha256-O8/MWsPBGhhyPoPLHZAuoZiiHo9q6FLlEeIDEXuj6T4=",
        "owner": "divnix",
        "repo": "blank",
        "rev": "5a5d2684073d9f563072ed07c871d577a6c614a8",
        "type": "github"
      },
      "original": {
        "owner": "divnix",
        "repo": "blank",
        "type": "github"
      }
    },
    "blank_2": {
      "locked": {
        "lastModified": 1625557891,
        "narHash": "sha256-O8/MWsPBGhhyPoPLHZAuoZiiHo9q6FLlEeIDEXuj6T4=",
        "owner": "divnix",
        "repo": "blank",
        "rev": "5a5d2684073d9f563072ed07c871d577a6c614a8",
        "type": "github"
      },
      "original": {
        "owner": "divnix",
        "repo": "blank",
        "type": "github"
      }
    },
    "cells-lab": {
      "inputs": {
        "nixos": "nixos",
        "nixpkgs": "nixpkgs",
        "org-roam-book-template": "org-roam-book-template",
        "std": "std",
        "std-data-collection": "std-data-collection",
        "xnlib": "xnlib"
      },
      "locked": {
        "lastModified": 1677647429,
        "narHash": "sha256-ZqO8AKYk3+YcXhd98zqKjXYALsV6ljSzceE/TJ/V1kg=",
        "owner": "gtrunsec",
        "repo": "cells-lab",
        "rev": "456705c083ba1656f05b60ee29f61d4d6915d6c5",
        "type": "github"
      },
      "original": {
        "owner": "gtrunsec",
        "repo": "cells-lab",
        "type": "github"
      }
    },
    "cortex": {
      "flake": false,
      "locked": {
        "lastModified": 1643528409,
        "narHash": "sha256-ldmenmCzCEuuBlMtaQYe79vYbcTORgkCXgYgGkOzkL8=",
        "owner": "gtrunsec",
        "repo": "cortex",
        "rev": "ad9a963534e5be323a33eaf0f9aa3e914cca8093",
        "type": "github"
      },
      "original": {
        "owner": "gtrunsec",
        "repo": "cortex",
        "type": "github"
      }
    },
    "devshell": {
      "inputs": {
        "flake-utils": [
          "cells-lab",
          "std",
          "flake-utils"
        ],
        "nixpkgs": [
          "cells-lab",
          "std",
          "nixpkgs"
        ]
      },
      "locked": {
        "lastModified": 1663445644,
        "narHash": "sha256-+xVlcK60x7VY1vRJbNUEAHi17ZuoQxAIH4S4iUFUGBA=",
        "owner": "numtide",
        "repo": "devshell",
        "rev": "e3dc3e21594fe07bdb24bdf1c8657acaa4cb8f66",
        "type": "github"
      },
      "original": {
        "owner": "numtide",
        "repo": "devshell",
        "type": "github"
      }
    },
    "dmerge": {
      "inputs": {
        "nixlib": [
          "cells-lab",
          "std",
          "nixpkgs"
        ],
        "yants": [
          "cells-lab",
          "std",
          "yants"
        ]
      },
      "locked": {
        "lastModified": 1659548052,
        "narHash": "sha256-fzI2gp1skGA8mQo/FBFrUAtY0GQkAIAaV/V127TJPyY=",
        "owner": "divnix",
        "repo": "data-merge",
        "rev": "d160d18ce7b1a45b88344aa3f13ed1163954b497",
        "type": "github"
      },
      "original": {
        "owner": "divnix",
        "repo": "data-merge",
        "type": "github"
      }
    },
    "emacs-overlay": {
      "inputs": {
        "flake-utils": "flake-utils",
        "nixpkgs": "nixpkgs_2"
      },
      "locked": {
        "lastModified": 1676258056,
        "narHash": "sha256-LhXVnPc+IPHupy7QexUrzYuloSGXvXEgvIkAlhFs+yY=",
        "owner": "nix-community",
        "repo": "emacs-overlay",
        "rev": "09ebba158540ba3171b5f319b71427b51db8794b",
        "type": "github"
      },
      "original": {
        "owner": "nix-community",
        "repo": "emacs-overlay",
        "type": "github"
      }
    },
    "flake-compat": {
      "flake": false,
      "locked": {
        "lastModified": 1673956053,
        "narHash": "sha256-4gtG9iQuiKITOjNQQeQIpoIB6b16fm+504Ch3sNKLd8=",
        "owner": "edolstra",
        "repo": "flake-compat",
        "rev": "35bb57c0c8d8b62bbfd284272c928ceb64ddbde9",
        "type": "github"
      },
      "original": {
        "owner": "edolstra",
        "repo": "flake-compat",
        "type": "github"
      }
    },
    "flake-utils": {
      "locked": {
        "lastModified": 1667395993,
        "narHash": "sha256-nuEHfE/LcWyuSWnS8t12N1wc105Qtau+/OdUAjtQ0rA=",
        "owner": "numtide",
        "repo": "flake-utils",
        "rev": "5aed5285a952e0b949eb3ba02c12fa4fcfef535f",
        "type": "github"
      },
      "original": {
        "owner": "numtide",
        "repo": "flake-utils",
        "type": "github"
      }
    },
    "flake-utils_2": {
      "locked": {
        "lastModified": 1667395993,
        "narHash": "sha256-nuEHfE/LcWyuSWnS8t12N1wc105Qtau+/OdUAjtQ0rA=",
        "owner": "numtide",
        "repo": "flake-utils",
        "rev": "5aed5285a952e0b949eb3ba02c12fa4fcfef535f",
        "type": "github"
      },
      "original": {
        "owner": "numtide",
        "repo": "flake-utils",
        "type": "github"
      }
    },
    "flake-utils_3": {
      "locked": {
        "lastModified": 1659877975,
        "narHash": "sha256-zllb8aq3YO3h8B/U0/J1WBgAL8EX5yWf5pMj3G0NAmc=",
        "owner": "numtide",
        "repo": "flake-utils",
        "rev": "c0e246b9b83f637f4681389ecabcb2681b4f3af0",
        "type": "github"
      },
      "original": {
        "owner": "numtide",
        "repo": "flake-utils",
        "type": "github"
      }
    },
    "incl": {
      "inputs": {
        "nixlib": [
          "cells-lab",
          "std",
          "nixpkgs"
        ]
      },
      "locked": {
        "lastModified": 1669263024,
        "narHash": "sha256-E/+23NKtxAqYG/0ydYgxlgarKnxmDbg6rCMWnOBqn9Q=",
        "owner": "divnix",
        "repo": "incl",
        "rev": "ce7bebaee048e4cd7ebdb4cee7885e00c4e2abca",
        "type": "github"
      },
      "original": {
        "owner": "divnix",
        "repo": "incl",
        "type": "github"
      }
    },
    "n2c": {
      "inputs": {
        "flake-utils": [
          "cells-lab",
          "std",
          "flake-utils"
        ],
        "nixpkgs": [
          "cells-lab",
          "std",
          "nixpkgs"
        ]
      },
      "locked": {
        "lastModified": 1677330646,
        "narHash": "sha256-hUYCwJneMjnxTvj30Fjow6UMJUITqHlpUGpXMPXUJsU=",
        "owner": "nlewo",
        "repo": "nix2container",
        "rev": "ebca8f58d450cae1a19c07701a5a8ae40afc9efc",
        "type": "github"
      },
      "original": {
        "owner": "nlewo",
        "repo": "nix2container",
        "type": "github"
      }
    },
    "nix-filter": {
      "locked": {
        "lastModified": 1666547822,
        "narHash": "sha256-razwnAybPHyoAyhkKCwXdxihIqJi1G6e1XP4FQOJTEs=",
        "owner": "numtide",
        "repo": "nix-filter",
        "rev": "1a3b735e13e90a8d2fd5629f2f8363bd7ffbbec7",
        "type": "github"
      },
      "original": {
        "owner": "numtide",
        "repo": "nix-filter",
        "type": "github"
      }
    },
    "nix-filter_2": {
      "locked": {
        "lastModified": 1666547822,
        "narHash": "sha256-razwnAybPHyoAyhkKCwXdxihIqJi1G6e1XP4FQOJTEs=",
        "owner": "numtide",
        "repo": "nix-filter",
        "rev": "1a3b735e13e90a8d2fd5629f2f8363bd7ffbbec7",
        "type": "github"
      },
      "original": {
        "owner": "numtide",
        "repo": "nix-filter",
        "type": "github"
      }
    },
    "nix-std": {
      "locked": {
        "lastModified": 1671250799,
        "narHash": "sha256-uPIakP98gOf6504NtrAb2/0O0BgRRXNShM0PTV8z+T0=",
        "owner": "chessai",
        "repo": "nix-std",
        "rev": "b300fd6dfeae8cc331c7d8cde0e81b404d50d40c",
        "type": "github"
      },
      "original": {
        "owner": "chessai",
        "repo": "nix-std",
        "type": "github"
      }
    },
    "nixago": {
      "inputs": {
        "flake-utils": [
          "cells-lab",
          "std",
          "flake-utils"
        ],
        "nixago-exts": [
          "cells-lab",
          "std",
          "blank"
        ],
        "nixpkgs": [
          "cells-lab",
          "std",
          "nixpkgs"
        ]
      },
      "locked": {
        "lastModified": 1676075813,
        "narHash": "sha256-X/aIT8Qc8UCqnxJvaZykx3CJ0ZnDFvO+dqp/7fglZWo=",
        "owner": "nix-community",
        "repo": "nixago",
        "rev": "9cab4dde31ec2f2c05d702ea8648ce580664e906",
        "type": "github"
      },
      "original": {
        "owner": "nix-community",
        "repo": "nixago",
        "type": "github"
      }
    },
    "nixlib": {
      "locked": {
        "lastModified": 1677373009,
        "narHash": "sha256-kxhz4QUP8tXa/yVSpEzDDZSEp9FvhzRqZzb+SeUaekw=",
        "owner": "nix-community",
        "repo": "nixpkgs.lib",
        "rev": "c9d4f2476046c6a7a2ce3c2118c48455bf0272ea",
        "type": "github"
      },
      "original": {
        "owner": "nix-community",
        "repo": "nixpkgs.lib",
        "type": "github"
      }
    },
    "nixlib_2": {
      "locked": {
        "lastModified": 1653180592,
        "narHash": "sha256-sVGwmxTj7CY1D4ioy7E+iJE+1/yHqQlxjnTpar3ap/E=",
        "owner": "nix-community",
        "repo": "nixpkgs.lib",
        "rev": "42c5f5785b70cd64b4afd830dc31d0b08461abd5",
        "type": "github"
      },
      "original": {
        "owner": "nix-community",
        "repo": "nixpkgs.lib",
        "type": "github"
      }
    },
    "nixos": {
      "locked": {
        "lastModified": 1676177817,
        "narHash": "sha256-OQnBnuKkpwkfNY31xQyfU5hNpLs1ilWt+hVY6ztEEOM=",
        "owner": "NixOS",
        "repo": "nixpkgs",
        "rev": "1b82144edfcd0c86486d2e07c7298f85510e7fb8",
        "type": "github"
      },
      "original": {
        "owner": "NixOS",
        "ref": "nixos-22.11",
        "repo": "nixpkgs",
        "type": "github"
      }
    },
    "nixpkgs": {
      "locked": {
        "lastModified": 1675940568,
        "narHash": "sha256-epG6pOT9V0kS+FUqd7R6/CWkgnZx2DMT5Veqo+y6G3c=",
        "owner": "NixOS",
        "repo": "nixpkgs",
        "rev": "6ccc4a59c3f1b56d039d93da52696633e641bc71",
        "type": "github"
      },
      "original": {
        "owner": "NixOS",
        "ref": "nixpkgs-unstable",
        "repo": "nixpkgs",
        "type": "github"
      }
    },
    "nixpkgs_2": {
      "locked": {
        "lastModified": 1673540789,
        "narHash": "sha256-xqnxBOK3qctIeUVxecydrEDbEXjsvHCPGPbvsl63M/U=",
        "owner": "NixOS",
        "repo": "nixpkgs",
        "rev": "0f213d0fee84280d8c3a97f7469b988d6fe5fcdf",
        "type": "github"
      },
      "original": {
        "owner": "NixOS",
        "ref": "nixos-unstable",
        "repo": "nixpkgs",
        "type": "github"
      }
    },
    "nixpkgs_3": {
      "locked": {
        "lastModified": 1672428209,
        "narHash": "sha256-eejhqkDz2cb2vc5VeaWphJz8UXNuoNoM8/Op8eWv2tQ=",
        "owner": "nixos",
        "repo": "nixpkgs",
        "rev": "293a28df6d7ff3dec1e61e37cc4ee6e6c0fb0847",
        "type": "github"
      },
      "original": {
        "owner": "nixos",
        "ref": "nixpkgs-unstable",
        "repo": "nixpkgs",
        "type": "github"
      }
    },
    "nosys": {
      "locked": {
        "lastModified": 1668010795,
        "narHash": "sha256-JBDVBnos8g0toU7EhIIqQ1If5m/nyBqtHhL3sicdPwI=",
        "owner": "divnix",
        "repo": "nosys",
        "rev": "feade0141487801c71ff55623b421ed535dbdefa",
        "type": "github"
      },
      "original": {
        "owner": "divnix",
        "repo": "nosys",
        "type": "github"
      }
    },
    "org-roam-book-template": {
      "inputs": {
        "cortex": "cortex",
        "emacs-overlay": "emacs-overlay",
        "flake-compat": "flake-compat",
        "flake-utils": "flake-utils_2",
        "nix-filter": "nix-filter",
        "nixpkgs": [
          "cells-lab",
          "nixpkgs"
        ],
        "ox-hugo": "ox-hugo"
      },
      "locked": {
        "lastModified": 1676267610,
        "narHash": "sha256-rweyZN0cRYY9Uoeo/94Sa1DHgBI2NRXC+/iNdqypptc=",
        "owner": "gtrunsec",
        "repo": "org-roam-book-template",
        "rev": "fd76272fb78c5fae39e7bd8e8c8165ca85fa2d1a",
        "type": "github"
      },
      "original": {
        "owner": "gtrunsec",
        "repo": "org-roam-book-template",
        "type": "github"
      }
    },
    "ox-hugo": {
      "flake": false,
      "locked": {
        "lastModified": 1669851508,
        "narHash": "sha256-7m9B647uOBnSWYsxIfavlTCsT8loDm33v/epqYSUhLw=",
        "owner": "kaushalmodi",
        "repo": "ox-hugo",
        "rev": "706b5f622d168bb8e0cf503e0525d2db9177c83e",
        "type": "github"
      },
      "original": {
        "owner": "kaushalmodi",
        "repo": "ox-hugo",
        "type": "github"
      }
    },
    "paisano": {
      "inputs": {
        "nixpkgs": [
          "cells-lab",
          "std",
          "nixpkgs"
        ],
        "nosys": "nosys",
        "yants": [
          "cells-lab",
          "std",
          "yants"
        ]
      },
      "locked": {
        "lastModified": 1677437285,
        "narHash": "sha256-YGfMothgUq1T9wMJYEhOSvdIiD/8gLXO1YcZA6hyIWU=",
        "owner": "paisano-nix",
        "repo": "core",
        "rev": "5f2fc05e98e001cb1cf9535ded09e05d90cec131",
        "type": "github"
      },
      "original": {
        "owner": "paisano-nix",
        "repo": "core",
        "type": "github"
      }
    },
    "paisano-tui": {
      "inputs": {
        "nixpkgs": [
          "cells-lab",
          "std",
          "blank"
        ],
        "std": [
          "cells-lab",
          "std"
        ]
      },
      "locked": {
        "lastModified": 1677533603,
        "narHash": "sha256-Nq1dH/qn7Wg/Tj1+id+ZM3o0fzqonW73jAgY3mCp35M=",
        "owner": "paisano-nix",
        "repo": "tui",
        "rev": "802958d123b0a5437441be0cab1dee487b0ed3eb",
        "type": "github"
      },
      "original": {
        "owner": "paisano-nix",
        "repo": "tui",
        "type": "github"
      }
    },
    "pop": {
      "inputs": {
        "flake-compat": [
          "cells-lab",
          "xnlib",
          "blank"
        ],
        "nixlib": "nixlib_2",
        "nixpkgs": [
          "cells-lab",
          "xnlib",
          "blank"
        ]
      },
      "locked": {
        "lastModified": 1655410953,
        "narHash": "sha256-Er0zdhu7QwpWvVKfauqZqTnxDz6THTWOTVWLoz+Opmw=",
        "owner": "divnix",
        "repo": "POP",
        "rev": "8babe4c9126298d05ebb5ab04727d741b51c022e",
        "type": "github"
      },
      "original": {
        "owner": "divnix",
        "repo": "POP",
        "type": "github"
      }
    },
    "root": {
      "inputs": {
        "cells-lab": "cells-lab",
        "nix-filter": "nix-filter_2",
        "nixpkgs": "nixpkgs_3",
        "std": [
          "cells-lab",
          "std"
        ],
        "std-data-collection": [
          "cells-lab",
          "std-data-collection"
        ]
      }
    },
    "std": {
      "inputs": {
        "arion": [
          "cells-lab",
          "std",
          "blank"
        ],
        "blank": "blank",
        "devshell": "devshell",
        "dmerge": "dmerge",
        "flake-utils": "flake-utils_3",
        "incl": "incl",
        "makes": [
          "cells-lab",
          "std",
          "blank"
        ],
        "microvm": [
          "cells-lab",
          "std",
          "blank"
        ],
        "n2c": "n2c",
        "nixago": "nixago",
        "nixpkgs": [
          "cells-lab",
          "nixpkgs"
        ],
        "paisano": "paisano",
        "paisano-tui": "paisano-tui",
        "yants": "yants"
      },
      "locked": {
        "lastModified": 1677533652,
        "narHash": "sha256-H37dcuWAGZs6Yl9mewMNVcmSaUXR90/bABYFLT/nwhk=",
        "owner": "divnix",
        "repo": "std",
        "rev": "490542f624412662e0411d8cb5a9af988ef56633",
        "type": "github"
      },
      "original": {
        "owner": "divnix",
        "repo": "std",
        "type": "github"
      }
    },
    "std-data-collection": {
      "inputs": {
        "nixpkgs": [
          "cells-lab",
          "nixpkgs"
        ],
        "std": [
          "cells-lab",
          "std"
        ]
      },
      "locked": {
        "lastModified": 1676163535,
        "narHash": "sha256-xofkWLBqU4zj5vzJhWor2Z9CyPGKt7UGkTchsCT48Po=",
        "owner": "divnix",
        "repo": "std-data-collection",
        "rev": "f713d81a6197e1b0854fb201cc7acde5ef9e93d4",
        "type": "github"
      },
      "original": {
        "owner": "divnix",
        "repo": "std-data-collection",
        "type": "github"
      }
    },
    "xnlib": {
      "inputs": {
        "blank": "blank_2",
        "nix-std": "nix-std",
        "nixlib": "nixlib",
        "pop": "pop",
        "std": [
          "cells-lab",
          "std"
        ],
        "std-data-collection": [
          "cells-lab",
          "std-data-collection"
        ]
      },
      "locked": {
        "lastModified": 1677543645,
        "narHash": "sha256-AbdXZ2MrHOeBPgQF0XDd0ZUF7ruNRDo4cgrze7O41bU=",
        "owner": "gtrunsec",
        "repo": "xnlib",
        "rev": "4161024dd5700516ed8e75405db8b3e85b15a87a",
        "type": "github"
      },
      "original": {
        "owner": "gtrunsec",
        "repo": "xnlib",
        "type": "github"
      }
    },
    "yants": {
      "inputs": {
        "nixpkgs": [
          "cells-lab",
          "std",
          "nixpkgs"
        ]
      },
      "locked": {
        "lastModified": 1667096281,
        "narHash": "sha256-wRRec6ze0gJHmGn6m57/zhz/Kdvp9HS4Nl5fkQ+uIuA=",
        "owner": "divnix",
        "repo": "yants",
        "rev": "d18f356ec25cb94dc9c275870c3a7927a10f8c3c",
        "type": "github"
      },
      "original": {
        "owner": "divnix",
        "repo": "yants",
        "type": "github"
      }
    }
  },
  "root": "root",
  "version": 7
}
