# This file is automatically @generated by Cargo.
# It is not intended for manual editing.
version = 3

[[package]]
name = "call-julia"
version = "0.1.0"
dependencies = [
 "jlrs",
]

[[package]]
name = "cc"
version = "1.0.73"
source = "registry+https://github.com/rust-lang/crates.io-index"
checksum = "2fff2a6927b3bb87f9595d67196a70493f627687a71d87a0d692242c33f58c11"

[[package]]
name = "jl-sys"
version = "0.15.0"
source = "registry+https://github.com/rust-lang/crates.io-index"
checksum = "d676a8833a99af92458e5c57720594d80f912fb4fc158c57501d9d0367d7fd60"
dependencies = [
 "cc",
]

[[package]]
name = "jlrs"
version = "0.13.1"
source = "registry+https://github.com/rust-lang/crates.io-index"
checksum = "3eca778738c816dc0033f549aa5b62eb03e967a88e0f465bfd10655fe738aad5"
dependencies = [
 "jl-sys",
 "smallvec",
]

[[package]]
name = "smallvec"
version = "1.8.0"
source = "registry+https://github.com/rust-lang/crates.io-index"
checksum = "f2dd574626839106c320a323308629dcb1acfc96e32a8cba364ddc61ac23ee83"
